// !$*UTF8*$!
{
	archiveVersion = 1;
	classes = {
	};
	objectVersion = 46;
	objects = {

/* Begin PBXBuildFile section */
		1FD8E44F1BA4118500CE0E6F /* main.m in Sources */ = {isa = PBXBuildFile; fileRef = 1FD8E44E1BA4118500CE0E6F /* main.m */; };
		1FD8E4521BA4118500CE0E6F /* AppDelegate.m in Sources */ = {isa = PBXBuildFile; fileRef = 1FD8E4511BA4118500CE0E6F /* AppDelegate.m */; };
		1FD8E4551BA4118500CE0E6F /* ViewController.m in Sources */ = {isa = PBXBuildFile; fileRef = 1FD8E4541BA4118500CE0E6F /* ViewController.m */; };
		1FD8E4581BA4118500CE0E6F /* Main.storyboard in Resources */ = {isa = PBXBuildFile; fileRef = 1FD8E4561BA4118500CE0E6F /* Main.storyboard */; };
		1FD8E45A1BA4118500CE0E6F /* Images.xcassets in Resources */ = {isa = PBXBuildFile; fileRef = 1FD8E4591BA4118500CE0E6F /* Images.xcassets */; };
		1FD8E45D1BA4118500CE0E6F /* LaunchScreen.xib in Resources */ = {isa = PBXBuildFile; fileRef = 1FD8E45B1BA4118500CE0E6F /* LaunchScreen.xib */; };
		1FD8E4691BA4118500CE0E6F /* DemoTests.m in Sources */ = {isa = PBXBuildFile; fileRef = 1FD8E4681BA4118500CE0E6F /* DemoTests.m */; };
/* End PBXBuildFile section */

/* Begin PBXContainerItemProxy section */
		1FD8E4631BA4118500CE0E6F /* PBXContainerItemProxy */ = {
			isa = PBXContainerItemProxy;
			containerPortal = 1FD8E4411BA4118500CE0E6F /* Project object */;
			proxyType = 1;
			remoteGlobalIDString = 1FD8E4481BA4118500CE0E6F;
			remoteInfo = Demo;
		};
/* End PBXContainerItemProxy section */

/* Begin PBXFileReference section */
		1FD8E4491BA4118500CE0E6F /* Demo.app */ = {isa = PBXFileReference; explicitFileType = wrapper.application; includeInIndex = 0; path = Demo.app; sourceTree = BUILT_PRODUCTS_DIR; };
		1FD8E44D1BA4118500CE0E6F /* Info.plist */ = {isa = PBXFileReference; lastKnownFileType = text.plist.xml; path = Info.plist; sourceTree = "<group>"; };
		1FD8E44E1BA4118500CE0E6F /* main.m */ = {isa = PBXFileReference; lastKnownFileType = sourcecode.c.objc; path = main.m; sourceTree = "<group>"; };
		1FD8E4501BA4118500CE0E6F /* AppDelegate.h */ = {isa = PBXFileReference; lastKnownFileType = sourcecode.c.h; path = AppDelegate.h; sourceTree = "<group>"; };
		1FD8E4511BA4118500CE0E6F /* AppDelegate.m */ = {isa = PBXFileReference; lastKnownFileType = sourcecode.c.objc; path = AppDelegate.m; sourceTree = "<group>"; };
		1FD8E4531BA4118500CE0E6F /* ViewController.h */ = {isa = PBXFileReference; lastKnownFileType = sourcecode.c.h; path = ViewController.h; sourceTree = "<group>"; };
		1FD8E4541BA4118500CE0E6F /* ViewController.m */ = {isa = PBXFileReference; lastKnownFileType = sourcecode.c.objc; path = ViewController.m; sourceTree = "<group>"; };
		1FD8E4571BA4118500CE0E6F /* Base */ = {isa = PBXFileReference; lastKnownFileType = file.storyboard; name = Base; path = Base.lproj/Main.storyboard; sourceTree = "<group>"; };
		1FD8E4591BA4118500CE0E6F /* Images.xcassets */ = {isa = PBXFileReference; lastKnownFileType = folder.assetcatalog; path = Images.xcassets; sourceTree = "<group>"; };
		1FD8E45C1BA4118500CE0E6F /* Base */ = {isa = PBXFileReference; lastKnownFileType = file.xib; name = Base; path = Base.lproj/LaunchScreen.xib; sourceTree = "<group>"; };
		1FD8E4621BA4118500CE0E6F /* DemoTests.xctest */ = {isa = PBXFileReference; explicitFileType = wrapper.cfbundle; includeInIndex = 0; path = DemoTests.xctest; sourceTree = BUILT_PRODUCTS_DIR; };
		1FD8E4671BA4118500CE0E6F /* Info.plist */ = {isa = PBXFileReference; lastKnownFileType = text.plist.xml; path = Info.plist; sourceTree = "<group>"; };
		1FD8E4681BA4118500CE0E6F /* DemoTests.m */ = {isa = PBXFileReference; lastKnownFileType = sourcecode.c.objc; path = DemoTests.m; sourceTree = "<group>"; };
/* End PBXFileReference section */

/* Begin PBXFrameworksBuildPhase section */
		1FD8E4461BA4118500CE0E6F /* Frameworks */ = {
			isa = PBXFrameworksBuildPhase;
			buildActionMask = 2147483647;
			files = (
			);
			runOnlyForDeploymentPostprocessing = 0;
		};
		1FD8E45F1BA4118500CE0E6F /* Frameworks */ = {
			isa = PBXFrameworksBuildPhase;
			buildActionMask = 2147483647;
			files = (
			);
			runOnlyForDeploymentPostprocessing = 0;
		};
/* End PBXFrameworksBuildPhase section */

/* Begin PBXGroup section */
		1FD8E4401BA4118500CE0E6F = {
			isa = PBXGroup;
			children = (
				1FD8E44B1BA4118500CE0E6F /* Demo */,
				1FD8E4651BA4118500CE0E6F /* DemoTests */,
				1FD8E44A1BA4118500CE0E6F /* Products */,
			);
			sourceTree = "<group>";
		};
		1FD8E44A1BA4118500CE0E6F /* Products */ = {
			isa = PBXGroup;
			children = (
				1FD8E4491BA4118500CE0E6F /* Demo.app */,
				1FD8E4621BA4118500CE0E6F /* DemoTests.xctest */,
			);
			name = Products;
			sourceTree = "<group>";
		};
		1FD8E44B1BA4118500CE0E6F /* Demo */ = {
			isa = PBXGroup;
			children = (
				1FD8E4501BA4118500CE0E6F /* AppDelegate.h */,
				1FD8E4511BA4118500CE0E6F /* AppDelegate.m */,
				1FD8E4531BA4118500CE0E6F /* ViewController.h */,
				1FD8E4541BA4118500CE0E6F /* ViewController.m */,
				1FD8E4561BA4118500CE0E6F /* Main.storyboard */,
				1FD8E4591BA4118500CE0E6F /* Images.xcassets */,
				1FD8E45B1BA4118500CE0E6F /* LaunchScreen.xib */,
				1FD8E44C1BA4118500CE0E6F /* Supporting Files */,
			);
			path = Demo;
			sourceTree = "<group>";
		};
		1FD8E44C1BA4118500CE0E6F /* Supporting Files */ = {
			isa = PBXGroup;
			children = (
				1FD8E44D1BA4118500CE0E6F /* Info.plist */,
				1FD8E44E1BA4118500CE0E6F /* main.m */,
			);
			name = "Supporting Files";
			sourceTree = "<group>";
		};
		1FD8E4651BA4118500CE0E6F /* DemoTests */ = {
			isa = PBXGroup;
			children = (
				1FD8E4681BA4118500CE0E6F /* DemoTests.m */,
				1FD8E4661BA4118500CE0E6F /* Supporting Files */,
			);
			path = DemoTests;
			sourceTree = "<group>";
		};
		1FD8E4661BA4118500CE0E6F /* Supporting Files */ = {
			isa = PBXGroup;
			children = (
				1FD8E4671BA4118500CE0E6F /* Info.plist */,
			);
			name = "Supporting Files";
			sourceTree = "<group>";
		};
/* End PBXGroup section */

/* Begin PBXNativeTarget section */
		1FD8E4481BA4118500CE0E6F /* Demo */ = {
			isa = PBXNativeTarget;
			buildConfigurationList = 1FD8E46C1BA4118500CE0E6F /* Build configuration list for PBXNativeTarget "Demo" */;
			buildPhases = (
				1FD8E4451BA4118500CE0E6F /* Sources */,
				1FD8E4461BA4118500CE0E6F /* Frameworks */,
				1FD8E4471BA4118500CE0E6F /* Resources */,
			);
			buildRules = (
			);
			dependencies = (
			);
			name = Demo;
			productName = Demo;
			productReference = 1FD8E4491BA4118500CE0E6F /* Demo.app */;
			productType = "com.apple.product-type.application";
		};
		1FD8E4611BA4118500CE0E6F /* DemoTests */ = {
			isa = PBXNativeTarget;
			buildConfigurationList = 1FD8E46F1BA4118500CE0E6F /* Build configuration list for PBXNativeTarget "DemoTests" */;
			buildPhases = (
				1FD8E45E1BA4118500CE0E6F /* Sources */,
				1FD8E45F1BA4118500CE0E6F /* Frameworks */,
				1FD8E4601BA4118500CE0E6F /* Resources */,
			);
			buildRules = (
			);
			dependencies = (
				1FD8E4641BA4118500CE0E6F /* PBXTargetDependency */,
			);
			name = DemoTests;
			productName = DemoTests;
			productReference = 1FD8E4621BA4118500CE0E6F /* DemoTests.xctest */;
			productType = "com.apple.product-type.bundle.unit-test";
		};
/* End PBXNativeTarget section */

/* Begin PBXProject section */
		1FD8E4411BA4118500CE0E6F /* Project object */ = {
			isa = PBXProject;
			attributes = {
				LastUpgradeCheck = 0630;
				ORGANIZATIONNAME = iMac06;
				TargetAttributes = {
					1FD8E4481BA4118500CE0E6F = {
						CreatedOnToolsVersion = 6.3.1;
					};
					1FD8E4611BA4118500CE0E6F = {
						CreatedOnToolsVersion = 6.3.1;
						TestTargetID = 1FD8E4481BA4118500CE0E6F;
					};
				};
			};
			buildConfigurationList = 1FD8E4441BA4118500CE0E6F /* Build configuration list for PBXProject "Demo" */;
			compatibilityVersion = "Xcode 3.2";
			developmentRegion = English;
			hasScannedForEncodings = 0;
			knownRegions = (
				en,
				Base,
			);
			mainGroup = 1FD8E4401BA4118500CE0E6F;
			productRefGroup = 1FD8E44A1BA4118500CE0E6F /* Products */;
			projectDirPath = "";
			projectRoot = "";
			targets = (
				1FD8E4481BA4118500CE0E6F /* Demo */,
				1FD8E4611BA4118500CE0E6F /* DemoTests */,
			);
		};
/* End PBXProject section */

/* Begin PBXResourcesBuildPhase section */
		1FD8E4471BA4118500CE0E6F /* Resources */ = {
			isa = PBXResourcesBuildPhase;
			buildActionMask = 2147483647;
			files = (
				1FD8E4581BA4118500CE0E6F /* Main.storyboard in Resources */,
				1FD8E45D1BA4118500CE0E6F /* LaunchScreen.xib in Resources */,
				1FD8E45A1BA4118500CE0E6F /* Images.xcassets in Resources */,
			);
			runOnlyForDeploymentPostprocessing = 0;
		};
		1FD8E4601BA4118500CE0E6F /* Resources */ = {
			isa = PBXResourcesBuildPhase;
			buildActionMask = 2147483647;
			files = (
			);
			runOnlyForDeploymentPostprocessing = 0;
		};
/* End PBXResourcesBuildPhase section */

/* Begin PBXSourcesBuildPhase section */
		1FD8E4451BA4118500CE0E6F /* Sources */ = {
			isa = PBXSourcesBuildPhase;
			buildActionMask = 2147483647;
			files = (
				1FD8E4551BA4118500CE0E6F /* ViewController.m in Sources */,
				1FD8E4521BA4118500CE0E6F /* AppDelegate.m in Sources */,
				1FD8E44F1BA4118500CE0E6F /* main.m in Sources */,
			);
			runOnlyForDeploymentPostprocessing = 0;
		};
		1FD8E45E1BA4118500CE0E6F /* Sources */ = {
			isa = PBXSourcesBuildPhase;
			buildActionMask = 2147483647;
			files = (
				1FD8E4691BA4118500CE0E6F /* DemoTests.m in Sources */,
			);
			runOnlyForDeploymentPostprocessing = 0;
		};
/* End PBXSourcesBuildPhase section */

/* Begin PBXTargetDependency section */
		1FD8E4641BA4118500CE0E6F /* PBXTargetDependency */ = {
			isa = PBXTargetDependency;
			target = 1FD8E4481BA4118500CE0E6F /* Demo */;
			targetProxy = 1FD8E4631BA4118500CE0E6F /* PBXContainerItemProxy */;
		};
/* End PBXTargetDependency section */

/* Begin PBXVariantGroup section */
		1FD8E4561BA4118500CE0E6F /* Main.storyboard */ = {
			isa = PBXVariantGroup;
			children = (
				1FD8E4571BA4118500CE0E6F /* Base */,
			);
			name = Main.storyboard;
			sourceTree = "<group>";
		};
		1FD8E45B1BA4118500CE0E6F /* LaunchScreen.xib */ = {
			isa = PBXVariantGroup;
			children = (
				1FD8E45C1BA4118500CE0E6F /* Base */,
			);
			name = LaunchScreen.xib;
			sourceTree = "<group>";
		};
/* End PBXVariantGroup section */

/* Begin XCBuildConfiguration section */
		1FD8E46A1BA4118500CE0E6F /* Debug */ = {
			isa = XCBuildConfiguration;
			buildSettings = {
				ALWAYS_SEARCH_USER_PATHS = NO;
				CLANG_CXX_LANGUAGE_STANDARD = "gnu++0x";
				CLANG_CXX_LIBRARY = "libc++";
				CLANG_ENABLE_MODULES = YES;
				CLANG_ENABLE_OBJC_ARC = YES;
				CLANG_WARN_BOOL_CONVERSION = YES;
				CLANG_WARN_CONSTANT_CONVERSION = YES;
				CLANG_WARN_DIRECT_OBJC_ISA_USAGE = YES_ERROR;
				CLANG_WARN_EMPTY_BODY = YES;
				CLANG_WARN_ENUM_CONVERSION = YES;
				CLANG_WARN_INT_CONVERSION = YES;
				CLANG_WARN_OBJC_ROOT_CLASS = YES_ERROR;
				CLANG_WARN_UNREACHABLE_CODE = YES;
				CLANG_WARN__DUPLICATE_METHOD_MATCH = YES;
				"CODE_SIGN_IDENTITY[sdk=iphoneos*]" = "iPhone Developer";
				COPY_PHASE_STRIP = NO;
				DEBUG_INFORMATION_FORMAT = "dwarf-with-dsym";
				ENABLE_STRICT_OBJC_MSGSEND = YES;
				GCC_C_LANGUAGE_STANDARD = gnu99;
				GCC_DYNAMIC_NO_PIC = NO;
				GCC_NO_COMMON_BLOCKS = YES;
				GCC_OPTIMIZATION_LEVEL = 0;
				GCC_PREPROCESSOR_DEFINITIONS = (
					"DEBUG=1",
					"$(inherited)",
				);
				GCC_SYMBOLS_PRIVATE_EXTERN = NO;
				GCC_WARN_64_TO_32_BIT_CONVERSION = YES;
				GCC_WARN_ABOUT_RETURN_TYPE = YES_ERROR;
				GCC_WARN_UNDECLARED_SELECTOR = YES;
				GCC_WARN_UNINITIALIZED_AUTOS = YES_AGGRESSIVE;
				GCC_WARN_UNUSED_FUNCTION = YES;
				GCC_WARN_UNUSED_VARIABLE = YES;
				IPHONEOS_DEPLOYMENT_TARGET = 8.3;
				MTL_ENABLE_DEBUG_INFO = YES;
				ONLY_ACTIVE_ARCH = YES;
				SDKROOT = iphoneos;
			};
			name = Debug;
		};
		1FD8E46B1BA4118500CE0E6F /* Release */ = {
			isa = XCBuildConfiguration;
			buildSettings = {
				ALWAYS_SEARCH_USER_PATHS = NO;
				CLANG_CXX_LANGUAGE_STANDARD = "gnu++0x";
				CLANG_CXX_LIBRARY = "libc++";
				CLANG_ENABLE_MODULES = YES;
				CLANG_ENABLE_OBJC_ARC = YES;
				CLANG_WARN_BOOL_CONVERSION = YES;
				CLANG_WARN_CONSTANT_CONVERSION = YES;
				CLANG_WARN_DIRECT_OBJC_ISA_USAGE = YES_ERROR;
				CLANG_WARN_EMPTY_BODY = YES;
				CLANG_WARN_ENUM_CONVERSION = YES;
				CLANG_WARN_INT_CONVERSION = YES;
				CLANG_WARN_OBJC_ROOT_CLASS = YES_ERROR;
				CLANG_WARN_UNREACHABLE_CODE = YES;
				CLANG_WARN__DUPLICATE_METHOD_MATCH = YES;
				"CODE_SIGN_IDENTITY[sdk=iphoneos*]" = "iPhone Developer";
				COPY_PHASE_STRIP = NO;
				DEBUG_INFORMATION_FORMAT = "dwarf-with-dsym";
				ENABLE_NS_ASSERTIONS = NO;
				ENABLE_STRICT_OBJC_MSGSEND = YES;
				GCC_C_LANGUAGE_STANDARD = gnu99;
				GCC_NO_COMMON_BLOCKS = YES;
				GCC_WARN_64_TO_32_BIT_CONVERSION = YES;
				GCC_WARN_ABOUT_RETURN_TYPE = YES_ERROR;
				GCC_WARN_UNDECLARED_SELECTOR = YES;
				GCC_WARN_UNINITIALIZED_AUTOS = YES_AGGRESSIVE;
				GCC_WARN_UNUSED_FUNCTION = YES;
				GCC_WARN_UNUSED_VARIABLE = YES;
				IPHONEOS_DEPLOYMENT_TARGET = 8.3;
				MTL_ENABLE_DEBUG_INFO = NO;
				SDKROOT = iphoneos;
				VALIDATE_PRODUCT = YES;
			};
			name = Release;
		};
		1FD8E46D1BA4118500CE0E6F /* Debug */ = {
			isa = XCBuildConfiguration;
			buildSettings = {
				ASSETCATALOG_COMPILER_APPICON_NAME = AppIcon;
				INFOPLIST_FILE = Demo/Info.plist;
				LD_RUNPATH_SEARCH_PATHS = "$(inherited) @executable_path/Frameworks";
				PRODUCT_NAME = "$(TARGET_NAME)";
			};
			name = Debug;
		};
		1FD8E46E1BA4118500CE0E6F /* Release */ = {
			isa = XCBuildConfiguration;
			buildSettings = {
				ASSETCATALOG_COMPILER_APPICON_NAME = AppIcon;
				INFOPLIST_FILE = Demo/Info.plist;
				LD_RUNPATH_SEARCH_PATHS = "$(inherited) @executable_path/Frameworks";
				PRODUCT_NAME = "$(TARGET_NAME)";
			};
			name = Release;
		};
		1FD8E4701BA4118500CE0E6F /* Debug */ = {
			isa = XCBuildConfiguration;
			buildSettings = {
				BUNDLE_LOADER = "$(TEST_HOST)";
				FRAMEWORK_SEARCH_PATHS = (
					"$(SDKROOT)/Developer/Library/Frameworks",
					"$(inherited)",
				);
				GCC_PREPROCESSOR_DEFINITIONS = (
					"DEBUG=1",
					"$(inherited)",
				);
				INFOPLIST_FILE = DemoTests/Info.plist;
				LD_RUNPATH_SEARCH_PATHS = "$(inherited) @executable_path/Frameworks @loader_path/Frameworks";
				PRODUCT_NAME = "$(TARGET_NAME)";
				TEST_HOST = "$(BUILT_PRODUCTS_DIR)/Demo.app/Demo";
			};
			name = Debug;
		};
		1FD8E4711BA4118500CE0E6F /* Release */ = {
			isa = XCBuildConfiguration;
			buildSettings = {
				BUNDLE_LOADER = "$(TEST_HOST)";
				FRAMEWORK_SEARCH_PATHS = (
					"$(SDKROOT)/Developer/Library/Frameworks",
					"$(inherited)",
				);
				INFOPLIST_FILE = DemoTests/Info.plist;
				LD_RUNPATH_SEARCH_PATHS = "$(inherited) @executable_path/Frameworks @loader_path/Frameworks";
				PRODUCT_NAME = "$(TARGET_NAME)";
				TEST_HOST = "$(BUILT_PRODUCTS_DIR)/Demo.app/Demo";
			};
			name = Release;
		};
/* End XCBuildConfiguration section */

/* Begin XCConfigurationList section */
		1FD8E4441BA4118500CE0E6F /* Build configuration list for PBXProject "Demo" */ = {
			isa = XCConfigurationList;
			buildConfigurations = (
				1FD8E46A1BA4118500CE0E6F /* Debug */,
				1FD8E46B1BA4118500CE0E6F /* Release */,
			);
			defaultConfigurationIsVisible = 0;
			defaultConfigurationName = Release;
		};
		1FD8E46C1BA4118500CE0E6F /* Build configuration list for PBXNativeTarget "Demo" */ = {
			isa = XCConfigurationList;
			buildConfigurations = (
				1FD8E46D1BA4118500CE0E6F /* Debug */,
				1FD8E46E1BA4118500CE0E6F /* Release */,
			);
			defaultConfigurationIsVisible = 0;
		};
		1FD8E46F1BA4118500CE0E6F /* Build configuration list for PBXNativeTarget "DemoTests" */ = {
			isa = XCConfigurationList;
			buildConfigurations = (
				1FD8E4701BA4118500CE0E6F /* Debug */,
				1FD8E4711BA4118500CE0E6F /* Release */,
			);
			defaultConfigurationIsVisible = 0;
		};
/* End XCConfigurationList section */
	};
	rootObject = 1FD8E4411BA4118500CE0E6F /* Project object */;
}
